{
  "name": "gator-game",
  "version": "1.0.0",
  "lockfileVersion": 1,
  "requires": true,
  "dependencies": {
    "node-teapot": {
      "version": "3.1.0",
      "resolved": "https://registry.npmjs.org/node-teapot/-/node-teapot-3.1.0.tgz",
      "integrity": "sha512-VxjP7vZaIt+aH+0fkc74w7tjT/guxCRyXc59uqBSKao/TzOo0mIDU7IAWhUfd6o7R7rvzvar1JsVqYAjvcAAcg=="
    },
    "requirejs": {
      "version": "2.3.6",
      "resolved": "https://registry.npmjs.org/requirejs/-/requirejs-2.3.6.tgz",
      "integrity": "sha512-ipEzlWQe6RK3jkzikgCupiTbTvm4S0/CAU5GlgptkN5SO6F3u0UD0K18wy6ErDqiCyP4J4YYe1HuAShvsxePLg=="
    },
    "webgl-obj-loader": {
      "version": "2.0.3",
      "resolved": "https://registry.npmjs.org/webgl-obj-loader/-/webgl-obj-loader-2.0.3.tgz",
      "integrity": "sha512-hMCkwfue8NcpyuZhjdAak/9YesnyroaklglHirTovSKPJbRxCqbyI5KzgDnhhOOpRaiCUdbmiwvfj1RrqRLJPg=="
    }
  }
}
